# generated by rye
# use `rye lock` or `rye sync` to update this lockfile
#
# last locked with the following flags:
#   pre: false
#   features: []
#   all-features: true
#   with-sources: false
#   generate-hashes: false
#   universal: true

-e file:.
absl-py==2.1.0
    # via dm-control
    # via dm-env
    # via dm-tree
    # via labmaze
    # via mujoco
accessible-pygments==0.0.5
    # via pydata-sphinx-theme
aiosignal==1.3.2
    # via ray
alabaster==0.7.16
    # via sphinx
ale-py==0.8.1
    # via plangym
    # via shimmy
antlr4-python3-runtime==4.9.3
    # via hydra-core
    # via omegaconf
anyio==4.8.0
    # via httpx
    # via jupyter-server
appnope==0.1.4 ; platform_system == 'Darwin'
    # via ipykernel
argon2-cffi==23.1.0
    # via jupyter-server
argon2-cffi-bindings==21.2.0
    # via argon2-cffi
arrow==1.3.0
    # via isoduration
astroid==3.3.8
    # via sphinx-autoapi
    # via sphinx-autodoc2
asttokens==3.0.0
    # via stack-data
async-lru==2.0.4
    # via jupyterlab
attrs==25.1.0
    # via dm-tree
    # via jsonschema
    # via jupyter-cache
    # via referencing
autoapi==2.0.1
    # via fragile
autorom==0.4.2
    # via gymnasium
autorom-accept-rom-license==0.6.1
    # via autorom
babel==2.17.0
    # via jupyterlab-server
    # via pydata-sphinx-theme
    # via sphinx
backports-tarfile==1.2.0 ; python_full_version < '3.12'
    # via jaraco-context
beautifulsoup4==4.13.3
    # via nbconvert
    # via pydata-sphinx-theme
bleach==6.2.0
    # via nbconvert
    # via panel
bokeh==3.6.3
    # via fragile
    # via holoviews
    # via hvplot
    # via panel
certifi==2025.1.31
    # via httpcore
    # via httpx
    # via requests
cffi==1.17.1
    # via argon2-cffi-bindings
    # via cryptography
    # via pyzmq
    # via zstandard
cfgv==3.4.0
    # via pre-commit
charset-normalizer==3.4.1
    # via requests
click==8.1.8
    # via autorom
    # via autorom-accept-rom-license
    # via fragile
    # via hatch
    # via hydraclick
    # via jupyter-book
    # via jupyter-cache
    # via ray
    # via sphinx-external-toc
    # via userpath
cloudpickle==3.1.1
    # via fragile-gym
    # via gymnasium
colorama==0.4.6 ; sys_platform == 'win32' or platform_system == 'Windows'
    # via click
    # via ipython
    # via pytest
    # via sphinx
    # via tqdm
colorcet==3.1.0
    # via holoviews
    # via hvplot
comm==0.2.2
    # via ipykernel
    # via ipywidgets
contourpy==1.3.1
    # via bokeh
    # via matplotlib
coverage==7.6.12
    # via pytest-cov
cramjam==2.9.1
    # via fastparquet
cryptography==44.0.1 ; sys_platform == 'linux'
    # via secretstorage
cycler==0.12.1
    # via matplotlib
debugpy==1.8.12
    # via ipykernel
decorator==5.1.1
    # via ipython
defusedxml==0.7.1
    # via nbconvert
distlib==0.3.9
    # via virtualenv
distro==1.9.0
    # via ruyaml
dm-control==1.0.27
    # via plangym
dm-env==1.6
    # via dm-control
dm-tree==0.1.9
    # via dm-control
    # via dm-env
docutils==0.20.1
    # via myst-parser
    # via pybtex-docutils
    # via pydata-sphinx-theme
    # via sphinx
    # via sphinx-rtd-theme
    # via sphinx-togglebutton
    # via sphinxcontrib-bibtex
einops==0.8.1
    # via fragile
    # via shaolin
etils==1.12.0
    # via mujoco
exceptiongroup==1.2.2 ; python_full_version < '3.11'
    # via anyio
    # via ipython
    # via pytest
execnet==2.1.1
    # via pytest-xdist
executing==2.2.0
    # via stack-data
farama-notifications==0.0.4
    # via gymnasium
fastjsonschema==2.21.1
    # via nbformat
fastparquet==2024.11.0
    # via shaolin
filelock==3.17.0
    # via ray
    # via torch
    # via virtualenv
flogging==0.0.25
    # via fragile
    # via plangym
fonttools==4.56.0
    # via matplotlib
fqdn==1.5.1
    # via jsonschema
fragile-gym==1.21.1
    # via plangym
frozenlist==1.5.0
    # via aiosignal
    # via ray
fsspec==2025.2.0
    # via etils
    # via fastparquet
    # via torch
glfw==2.8.0
    # via dm-control
    # via mujoco
greenlet==3.1.1 ; (python_full_version < '3.14' and platform_machine == 'AMD64') or (python_full_version < '3.14' and platform_machine == 'WIN32') or (python_full_version < '3.14' and platform_machine == 'aarch64') or (python_full_version < '3.14' and platform_machine == 'amd64') or (python_full_version < '3.14' and platform_machine == 'ppc64le') or (python_full_version < '3.14' and platform_machine == 'win32') or (python_full_version < '3.14' and platform_machine == 'x86_64')
    # via sqlalchemy
gymnasium==0.29.1
    # via plangym
    # via shimmy
h11==0.14.0
    # via httpcore
hatch==1.14.0
hatchling==1.27.0
    # via hatch
holoviews==1.20.0
    # via fragile
    # via hvplot
    # via shaolin
httpcore==1.0.7
    # via httpx
httpx==0.28.1
    # via hatch
    # via jupyterlab
hvplot==0.11.2
    # via fragile
    # via shaolin
hydra-core==1.3.2
    # via hydraclick
hydraclick==0.0.8
    # via fragile
hyperlink==21.0.0
    # via hatch
identify==2.6.7
    # via pre-commit
idna==3.10
    # via anyio
    # via httpx
    # via hyperlink
    # via jsonschema
    # via requests
imageio==2.37.0
    # via plangym
imagesize==1.4.1
    # via sphinx
importlib-metadata==8.6.1
    # via jupyter-cache
    # via keyring
    # via myst-nb
importlib-resources==6.5.2
    # via ale-py
    # via etils
iniconfig==2.0.0
    # via pytest
ipykernel==6.29.5
    # via jupyter
    # via jupyter-console
    # via jupyterlab
    # via myst-nb
ipython==8.32.0
    # via fragile-gym
    # via ipykernel
    # via ipywidgets
    # via jupyter-console
    # via myst-nb
ipywidgets==8.1.5
    # via jupyter
    # via shaolin
isoduration==20.11.0
    # via jsonschema
jaraco-classes==3.4.0
    # via keyring
jaraco-context==6.0.1
    # via keyring
jaraco-functools==4.1.0
    # via keyring
jedi==0.19.2
    # via ipython
jeepney==0.8.0 ; sys_platform == 'linux'
    # via keyring
    # via secretstorage
jinja2==3.1.5
    # via bokeh
    # via jupyter-book
    # via jupyter-server
    # via jupyterlab
    # via jupyterlab-server
    # via myst-parser
    # via nbconvert
    # via sphinx
    # via sphinx-autoapi
    # via torch
joblib==1.4.2
    # via scikit-learn
json5==0.10.0
    # via jupyterlab-server
jsonpointer==3.0.0
    # via jsonschema
jsonschema==4.23.0
    # via jupyter-book
    # via jupyter-events
    # via jupyterlab-server
    # via nbformat
    # via ray
jsonschema-specifications==2024.10.1
    # via jsonschema
jupyter==1.1.1
    # via fragile
jupyter-book==1.0.3
    # via fragile
jupyter-cache==1.0.1
    # via fragile
    # via myst-nb
jupyter-client==8.6.3
    # via ipykernel
    # via jupyter-console
    # via jupyter-server
    # via nbclient
jupyter-console==6.6.3
    # via jupyter
jupyter-core==5.7.2
    # via ipykernel
    # via jupyter-client
    # via jupyter-console
    # via jupyter-server
    # via jupyterlab
    # via nbclient
    # via nbconvert
    # via nbformat
jupyter-events==0.12.0
    # via jupyter-server
jupyter-lsp==2.2.5
    # via jupyterlab
jupyter-server==2.15.0
    # via jupyter-lsp
    # via jupyterlab
    # via jupyterlab-server
    # via notebook
    # via notebook-shim
jupyter-server-terminals==0.5.3
    # via jupyter-server
jupyterlab==4.3.5
    # via jupyter
    # via notebook
jupyterlab-pygments==0.3.0
    # via nbconvert
jupyterlab-server==2.27.3
    # via jupyterlab
    # via notebook
jupyterlab-widgets==3.0.13
    # via ipywidgets
keyring==25.6.0
    # via hatch
kiwisolver==1.4.8
    # via matplotlib
labmaze==1.0.6
    # via dm-control
latexcodec==3.0.0
    # via pybtex
linkify-it-py==2.0.3
    # via fragile
    # via jupyter-book
    # via panel
llvmlite==0.44.0
    # via numba
lxml==5.3.1
    # via dm-control
markdown==3.7
    # via panel
markdown-it-py==3.0.0
    # via mdit-py-plugins
    # via myst-parser
    # via panel
    # via rich
markupsafe==3.0.2
    # via jinja2
    # via nbconvert
matplotlib==3.10.0
    # via seaborn
    # via shaolin
matplotlib-inline==0.1.7
    # via ipykernel
    # via ipython
mdit-py-plugins==0.4.2
    # via myst-parser
    # via panel
mdurl==0.1.2
    # via markdown-it-py
mistune==3.1.1
    # via nbconvert
more-itertools==10.6.0
    # via jaraco-classes
    # via jaraco-functools
mpmath==1.3.0
    # via sympy
msgpack==1.1.0
    # via ray
mujoco==3.2.7
    # via dm-control
    # via plangym
mypy==1.15.0
    # via fragile
mypy-extensions==1.0.0
    # via mypy
myst-nb==1.2.0
    # via fragile
    # via jupyter-book
myst-parser==2.0.0
    # via fragile
    # via jupyter-book
    # via myst-nb
nbclient==0.10.2
    # via jupyter-cache
    # via myst-nb
    # via nbconvert
nbconvert==7.16.6
    # via jupyter
    # via jupyter-server
nbformat==5.10.4
    # via jupyter-cache
    # via jupyter-server
    # via myst-nb
    # via nbclient
    # via nbconvert
nest-asyncio==1.6.0
    # via ipykernel
networkx==3.4.2
    # via shaolin
    # via torch
nodeenv==1.9.1
    # via pre-commit
notebook==7.3.2
    # via fragile
    # via jupyter
notebook-shim==0.2.4
    # via jupyterlab
    # via notebook
numba==0.61.0
    # via fragile
numpy==2.1.3
    # via ale-py
    # via bokeh
    # via contourpy
    # via dm-control
    # via dm-env
    # via dm-tree
    # via fastparquet
    # via fragile
    # via fragile-gym
    # via gymnasium
    # via holoviews
    # via hvplot
    # via imageio
    # via labmaze
    # via matplotlib
    # via mujoco
    # via numba
    # via opencv-python
    # via pandas
    # via plangym
    # via scikit-learn
    # via scipy
    # via seaborn
    # via shimmy
nvidia-cublas-cu12==12.4.5.8 ; platform_machine == 'x86_64' and platform_system == 'Linux'
    # via nvidia-cudnn-cu12
    # via nvidia-cusolver-cu12
    # via torch
nvidia-cuda-cupti-cu12==12.4.127 ; platform_machine == 'x86_64' and platform_system == 'Linux'
    # via torch
nvidia-cuda-nvrtc-cu12==12.4.127 ; platform_machine == 'x86_64' and platform_system == 'Linux'
    # via torch
nvidia-cuda-runtime-cu12==12.4.127 ; platform_machine == 'x86_64' and platform_system == 'Linux'
    # via torch
nvidia-cudnn-cu12==9.1.0.70 ; platform_machine == 'x86_64' and platform_system == 'Linux'
    # via torch
nvidia-cufft-cu12==11.2.1.3 ; platform_machine == 'x86_64' and platform_system == 'Linux'
    # via torch
nvidia-curand-cu12==10.3.5.147 ; platform_machine == 'x86_64' and platform_system == 'Linux'
    # via torch
nvidia-cusolver-cu12==11.6.1.9 ; platform_machine == 'x86_64' and platform_system == 'Linux'
    # via torch
nvidia-cusparse-cu12==12.3.1.170 ; platform_machine == 'x86_64' and platform_system == 'Linux'
    # via nvidia-cusolver-cu12
    # via torch
nvidia-cusparselt-cu12==0.6.2 ; platform_machine == 'x86_64' and platform_system == 'Linux'
    # via torch
nvidia-nccl-cu12==2.21.5 ; platform_machine == 'x86_64' and platform_system == 'Linux'
    # via torch
nvidia-nvjitlink-cu12==12.4.127 ; platform_machine == 'x86_64' and platform_system == 'Linux'
    # via nvidia-cufft-cu12
    # via nvidia-cusolver-cu12
    # via nvidia-cusparse-cu12
    # via torch
nvidia-nvtx-cu12==12.4.127 ; platform_machine == 'x86_64' and platform_system == 'Linux'
    # via torch
omegaconf==2.3.0
    # via hydra-core
opencv-python==4.11.0.86
    # via plangym
overrides==7.7.0
    # via jupyter-server
packaging==24.2
    # via bokeh
    # via fastparquet
    # via hatch
    # via hatchling
    # via holoviews
    # via hvplot
    # via hydra-core
    # via ipykernel
    # via jupyter-events
    # via jupyter-server
    # via jupyterlab
    # via jupyterlab-server
    # via matplotlib
    # via nbconvert
    # via panel
    # via pytest
    # via ray
    # via sphinx
    # via sphinx-jupyterbook-latex
pandas==2.2.3
    # via bokeh
    # via fastparquet
    # via holoviews
    # via hvplot
    # via panel
    # via seaborn
pandocfilters==1.5.1
    # via nbconvert
panel==1.6.1
    # via fragile
    # via holoviews
    # via hvplot
    # via shaolin
param==2.2.0
    # via holoviews
    # via hvplot
    # via panel
    # via pyviz-comms
parso==0.8.4
    # via jedi
pathspec==0.12.1
    # via hatchling
pexpect==4.9.0
    # via hatch
    # via ipython
pillow==11.1.0
    # via bokeh
    # via imageio
    # via matplotlib
    # via plangym
pip==25.0.1
    # via fragile
plangym==0.1.30
    # via fragile
platformdirs==4.3.6
    # via hatch
    # via jupyter-core
    # via virtualenv
pluggy==1.5.0
    # via hatchling
    # via pytest
pre-commit==4.1.0
    # via fragile
prometheus-client==0.21.1
    # via jupyter-server
prompt-toolkit==3.0.50
    # via ipython
    # via jupyter-console
protobuf==5.29.3
    # via dm-control
    # via ray
psutil==7.0.0
    # via ipykernel
ptyprocess==0.7.0
    # via pexpect
    # via terminado
pure-eval==0.2.3
    # via stack-data
pyarrow==19.0.0
    # via shaolin
pybtex==0.24.0
    # via pybtex-docutils
    # via sphinxcontrib-bibtex
pybtex-docutils==1.0.3
    # via sphinxcontrib-bibtex
pycparser==2.22
    # via cffi
pydata-sphinx-theme==0.16.1
    # via fragile
    # via sphinx-book-theme
pyglet==1.5.11
    # via plangym
pygments==2.19.1
    # via accessible-pygments
    # via ipython
    # via jupyter-console
    # via nbconvert
    # via pydata-sphinx-theme
    # via rich
    # via sphinx
pygraphviz==1.14 ; sys_platform == 'linux'
    # via shaolin
pyopengl==3.1.9
    # via dm-control
    # via mujoco
pyparsing==3.2.1
    # via dm-control
    # via matplotlib
pytest==8.3.4
    # via fragile
    # via pytest-cov
    # via pytest-xdist
pytest-cov==6.0.0
    # via fragile
pytest-xdist==3.6.1
    # via fragile
python-dateutil==2.9.0.post0
    # via arrow
    # via jupyter-client
    # via matplotlib
    # via pandas
python-json-logger==3.2.1
    # via jupyter-events
pytz==2025.1
    # via pandas
pyvirtualdisplay==3.0
    # via plangym
pyviz-comms==3.0.4
    # via holoviews
    # via panel
pywin32==308 ; platform_python_implementation != 'PyPy' and sys_platform == 'win32'
    # via jupyter-core
pywin32-ctypes==0.2.3 ; sys_platform == 'win32'
    # via keyring
pywinpty==2.0.15 ; os_name == 'nt'
    # via jupyter-server
    # via jupyter-server-terminals
    # via terminado
pyyaml==6.0.2
    # via bokeh
    # via jupyter-book
    # via jupyter-cache
    # via jupyter-events
    # via myst-nb
    # via myst-parser
    # via omegaconf
    # via pre-commit
    # via pybtex
    # via ray
    # via sphinx-autoapi
    # via sphinx-external-toc
    # via sphinxcontrib-mermaid
pyzmq==26.2.1
    # via ipykernel
    # via jupyter-client
    # via jupyter-console
    # via jupyter-server
quantlib==1.37
    # via fragile
ray==2.42.1
    # via fragile
referencing==0.36.2
    # via jsonschema
    # via jsonschema-specifications
    # via jupyter-events
requests==2.32.3
    # via autorom
    # via autorom-accept-rom-license
    # via dm-control
    # via jupyterlab-server
    # via panel
    # via ray
    # via sphinx
rfc3339-validator==0.1.4
    # via jsonschema
    # via jupyter-events
rfc3986-validator==0.1.1
    # via jsonschema
    # via jupyter-events
rich==13.9.4
    # via hatch
rpds-py==0.22.3
    # via jsonschema
    # via referencing
ruff==0.9.6
    # via fragile
ruyaml==0.91.0
    # via fragile
scikit-learn==1.6.1
    # via shaolin
scipy==1.15.1
    # via dm-control
    # via scikit-learn
    # via shaolin
seaborn==0.13.2
    # via shaolin
secretstorage==3.3.3 ; sys_platform == 'linux'
    # via keyring
send2trash==1.8.3
    # via jupyter-server
setuptools==75.8.0
    # via dm-control
    # via jupyterlab
    # via labmaze
    # via ruyaml
    # via sphinx-togglebutton
    # via sphinxcontrib-bibtex
    # via streamz
    # via torch
shaolin==0.0.3
    # via fragile
shellingham==1.5.4
    # via hatch
shimmy==0.2.1
    # via gymnasium
six==1.17.0
    # via pybtex
    # via python-dateutil
    # via rfc3339-validator
    # via streamz
sniffio==1.3.1
    # via anyio
snowballstemmer==2.2.0
    # via sphinx
soupsieve==2.6
    # via beautifulsoup4
sphinx==7.4.7
    # via autoapi
    # via fragile
    # via jupyter-book
    # via myst-nb
    # via myst-parser
    # via pydata-sphinx-theme
    # via sphinx-autoapi
    # via sphinx-book-theme
    # via sphinx-comments
    # via sphinx-copybutton
    # via sphinx-design
    # via sphinx-external-toc
    # via sphinx-jupyterbook-latex
    # via sphinx-multitoc-numbering
    # via sphinx-rtd-theme
    # via sphinx-thebe
    # via sphinx-togglebutton
    # via sphinxcontrib-bibtex
    # via sphinxcontrib-jquery
    # via sphinxcontrib-mermaid
    # via sphinxext-opengraph
sphinx-autoapi==3.5.0
    # via fragile
sphinx-autodoc2==0.5.0
    # via fragile
sphinx-book-theme==1.1.3
    # via fragile
    # via jupyter-book
sphinx-comments==0.0.3
    # via jupyter-book
sphinx-copybutton==0.5.2
    # via fragile
    # via jupyter-book
sphinx-design==0.6.1
    # via jupyter-book
sphinx-external-toc==1.0.1
    # via jupyter-book
sphinx-jupyterbook-latex==1.0.0
    # via jupyter-book
sphinx-multitoc-numbering==0.1.3
    # via jupyter-book
sphinx-rtd-theme==3.0.2
    # via fragile
sphinx-thebe==0.3.1
    # via jupyter-book
sphinx-togglebutton==0.3.2
    # via fragile
    # via jupyter-book
sphinxcontrib-applehelp==2.0.0
    # via sphinx
sphinxcontrib-bibtex==2.6.3
    # via fragile
    # via jupyter-book
sphinxcontrib-devhelp==2.0.0
    # via sphinx
sphinxcontrib-htmlhelp==2.1.0
    # via sphinx
sphinxcontrib-jquery==4.1
    # via sphinx-rtd-theme
sphinxcontrib-jsmath==1.0.1
    # via sphinx
sphinxcontrib-mermaid==1.0.0
    # via fragile
sphinxcontrib-qthelp==2.0.0
    # via sphinx
sphinxcontrib-serializinghtml==2.0.0
    # via sphinx
sphinxext-opengraph==0.9.1
    # via fragile
sqlalchemy==2.0.38
    # via jupyter-cache
stack-data==0.6.3
    # via ipython
streamz==0.6.4
    # via fragile
sympy==1.13.1
    # via torch
tabulate==0.9.0
    # via jupyter-cache
terminado==0.18.1
    # via jupyter-server
    # via jupyter-server-terminals
terminaltexteffects==0.11.0
    # via fragile
threadpoolctl==3.5.0
    # via scikit-learn
tinycss2==1.4.0
    # via bleach
tomli==2.2.1
    # via coverage
    # via fragile
    # via hatchling
    # via jupyterlab
    # via mypy
    # via pytest
    # via sphinx
    # via sphinx-autodoc2
tomli-w==1.2.0
    # via hatch
tomlkit==0.13.2
    # via hatch
toolz==1.0.0
    # via streamz
torch==2.6.0
    # via fragile
tornado==6.4.2
    # via bokeh
    # via ipykernel
    # via jupyter-client
    # via jupyter-server
    # via jupyterlab
    # via notebook
    # via streamz
    # via terminado
tqdm==4.67.1
    # via autorom
    # via dm-control
    # via panel
traitlets==5.14.3
    # via comm
    # via ipykernel
    # via ipython
    # via ipywidgets
    # via jupyter-client
    # via jupyter-console
    # via jupyter-core
    # via jupyter-events
    # via jupyter-server
    # via jupyterlab
    # via matplotlib-inline
    # via nbclient
    # via nbconvert
    # via nbformat
triton==3.2.0 ; platform_machine == 'x86_64' and platform_system == 'Linux'
    # via torch
trove-classifiers==2025.1.15.22
    # via hatchling
types-python-dateutil==2.9.0.20241206
    # via arrow
typing-extensions==4.12.2
    # via ale-py
    # via anyio
    # via astroid
    # via async-lru
    # via beautifulsoup4
    # via etils
    # via gymnasium
    # via ipython
    # via mistune
    # via mypy
    # via myst-nb
    # via panel
    # via pydata-sphinx-theme
    # via referencing
    # via rich
    # via sphinx-autodoc2
    # via sqlalchemy
    # via torch
tzdata==2025.1
    # via pandas
uc-micro-py==1.0.3
    # via linkify-it-py
uri-template==1.3.0
    # via jsonschema
urllib3==2.3.0
    # via requests
userpath==1.9.2
    # via hatch
uv==0.6.0
    # via hatch
virtualenv==20.29.2
    # via hatch
    # via pre-commit
wcwidth==0.2.13
    # via prompt-toolkit
webcolors==24.11.1
    # via jsonschema
webencodings==0.5.1
    # via bleach
    # via tinycss2
websocket-client==1.8.0
    # via jupyter-server
wheel==0.45.1
    # via sphinx-togglebutton
widgetsnbextension==4.0.13
    # via ipywidgets
wrapt==1.17.2
    # via dm-tree
xxhash==3.5.0
    # via flogging
xyzservices==2025.1.0
    # via bokeh
zict==3.0.0
    # via streamz
zipp==3.21.0
    # via etils
    # via importlib-metadata
zstandard==0.23.0
    # via hatch
